
Microsoft Visual Studio Solution File, Format Version 12.00
# Visual Studio 15
VisualStudioVersion = 15.0.27428.2011
MinimumVisualStudioVersion = 10.0.40219.1
Project("{FAE04EC0-301F-11D3-BF4B-00C04F79EFBC}") = "TcpLogger", "TcpLogger.csproj", "{B3DA3DA0-2FB2-495B-B030-7D2D40F079E2}"
EndProject
Global
	GlobalSection(SolutionConfigurationPlatforms) = preSolution
		Debug|Any CPU = Debug|Any CPU
		Release|Any CPU = Release|Any CPU
	EndGlobalSection
	GlobalSection(ProjectConfigurationPlatforms) = postSolution
		{B3DA3DA0-2FB2-495B-B030-7D2D40F079E2}.Debug|Any CPU.ActiveCfg = Debug|Any CPU
		{B3DA3DA0-2FB2-495B-B030-7D2D40F079E2}.Debug|Any CPU.Build.0 = Debug|Any CPU
		{B3DA3DA0-2FB2-495B-B030-7D2D40F079E2}.Release|Any CPU.ActiveCfg = Release|Any CPU
		{B3DA3DA0-2FB2-495B-B030-7D2D40F079E2}.Release|Any CPU.Build.0 = Release|Any CPU
	EndGlobalSection
	GlobalSection(SolutionProperties) = preSolution
		HideSolutionNode = FALSE
	EndGlobalSection
	GlobalSection(ExtensibilityGlobals) = postSolution
		SolutionGuid = {D272A669-8F19-43CE-8668-CFEEC7B2B099}
	EndGlobalSection
EndGlobal
